
Microsoft Visual Studio Solution File, Format Version 12.00
# Visual Studio Version 17
VisualStudioVersion = 17.3.32825.248
MinimumVisualStudioVersion = 10.0.40219.1
Project("{FAE04EC0-301F-11D3-BF4B-00C04F79EFBC}") = "Lab_1", "Lab_1.csproj", "{719F041F-F587-44F7-8856-F4999CFDB3A1}"
EndProject
Project("{FAE04EC0-301F-11D3-BF4B-00C04F79EFBC}") = "Linear_lists", "..\Linear_lists\Linear_lists.csproj", "{1CE1174B-1918-462A-9B12-C50E0F2EC5AE}"
EndProject
Global
	GlobalSection(SolutionConfigurationPlatforms) = preSolution
		Debug|Any CPU = Debug|Any CPU
		Release|Any CPU = Release|Any CPU
	EndGlobalSection
	GlobalSection(ProjectConfigurationPlatforms) = postSolution
		{719F041F-F587-44F7-8856-F4999CFDB3A1}.Debug|Any CPU.ActiveCfg = Debug|Any CPU
		{719F041F-F587-44F7-8856-F4999CFDB3A1}.Debug|Any CPU.Build.0 = Debug|Any CPU
		{719F041F-F587-44F7-8856-F4999CFDB3A1}.Release|Any CPU.ActiveCfg = Release|Any CPU
		{719F041F-F587-44F7-8856-F4999CFDB3A1}.Release|Any CPU.Build.0 = Release|Any CPU
		{1CE1174B-1918-462A-9B12-C50E0F2EC5AE}.Debug|Any CPU.ActiveCfg = Debug|Any CPU
		{1CE1174B-1918-462A-9B12-C50E0F2EC5AE}.Debug|Any CPU.Build.0 = Debug|Any CPU
		{1CE1174B-1918-462A-9B12-C50E0F2EC5AE}.Release|Any CPU.ActiveCfg = Release|Any CPU
		{1CE1174B-1918-462A-9B12-C50E0F2EC5AE}.Release|Any CPU.Build.0 = Release|Any CPU
	EndGlobalSection
	GlobalSection(SolutionProperties) = preSolution
		HideSolutionNode = FALSE
	EndGlobalSection
	GlobalSection(ExtensibilityGlobals) = postSolution
		SolutionGuid = {B50BA684-EC34-4AB5-AFEA-0D6CC443992E}
	EndGlobalSection
EndGlobal
